// !$*UTF8*$!
{
 archiveVersion = 1;
 classes = { };
 objectVersion = 56;
 objects = {
  111111111111111111111111 /* Project object */ = { isa = PBXProject; attributes = { LastSwiftUpdateCheck = 1540; }; buildConfigurationList = 222222222222222222222222 /* Project configs */; compatibilityVersion = "Xcode 14.0"; developmentRegion = en; hasScannedForEncodings = 0; knownRegions = ( en, ); mainGroup = 333333333333333333333333; productRefGroup = 777777777777777777777777; projectDirPath = ""; projectRoot = ""; targets = ( 555555555555555555555555 ); };
  333333333333333333333333 = { isa = PBXGroup; children = ( 666666666666666666666666, 777777777777777777777777 ); sourceTree = "<group>"; };
  666666666666666666666666 = { isa = PBXGroup; children = ( 888888888888888888888888, 999999999999999999999999, AAAAAAAAAAAAAAAAAAAAAAAA, BBBBBBBBBBBBBBBBBBBBBBBB, CCCCCCCCCCCCCCCCCCCCCCCC, DDDDDDDDDDDDDDDDDDDDDDDD, EEEEEEEEEEEEEEEEEEEEEEEE, FFFFFFFFFFFFFFFFFFFFFFFF ); path = OtInternet; sourceTree = "<group>"; };
  777777777777777777777777 = { isa = PBXGroup; children = ( 121212121212121212121212 ); name = Products; sourceTree = "<group>"; };
  121212121212121212121212 = { isa = PBXFileReference; explicitFileType = wrapper.application; includeInIndex = 0; path = OtInternet.app; sourceTree = BUILT_PRODUCTS_DIR; };
  888888888888888888888888 = { isa = PBXGroup; path = App; sourceTree = "<group>"; children = ( 131313131313131313131313, 141414141414141414141414 ); };
  999999999999999999999999 = { isa = PBXGroup; path = Core; sourceTree = "<group>"; children = ( 151515151515151515151515, 161616161616161616161616, 171717171717171717171717, 181818181818181818181818 ); };
  AAAAAAAAAAAAAAAAAAAAAAAA = { isa = PBXGroup; path = Navigation; sourceTree = "<group>"; children = ( 191919191919191919191919, 535353535353535353535353 ); };
  BBBBBBBBBBBBBBBBBBBBBBBB = { isa = PBXGroup; path = Features; sourceTree = "<group>"; children = ( 202020202020202020202020, 212121212121212121212121, 232323232323232323232323, 242424242424242424242424, 252525252525252525252525, 565656565656565656565656 ); };
  CCCCCCCCCCCCCCCCCCCCCCCC = { isa = PBXGroup; path = Resources; sourceTree = "<group>"; children = ( 272727272727272727272727, 595959595959595959595959 ); };
  DDDDDDDDDDDDDDDDDDDDDDDD = { isa = PBXGroup; path = Games; sourceTree = "<group>"; children = ( 282828282828282828282828 ); };
  EEEEEEEEEEEEEEEEEEEEEEEE = { isa = PBXGroup; path = Maps; sourceTree = "<group>"; children = ( 292929292929292929292929 ); };
  FFFFFFFFFFFFFFFFFFFFFFFF = { isa = PBXGroup; path = Notes; sourceTree = "<group>"; children = ( 303030303030303030303030 ); }; 565656565656565656565656 = { isa = PBXGroup; path = Games; sourceTree = "<group>"; children = ( 575757575757575757575757 ); };
  131313131313131313131313 = { isa = PBXFileReference; lastKnownFileType = sourcecode.swift; path = OtInternetApp.swift; sourceTree = "<group>"; }; 141414141414141414141414 = { isa = PBXFileReference; lastKnownFileType = sourcecode.swift; path = DesignSystem.swift; sourceTree = "<group>"; };
  151515151515151515151515 = { isa = PBXFileReference; lastKnownFileType = sourcecode.swift; path = Game2048Engine.swift; sourceTree = "<group>"; }; 161616161616161616161616 = { isa = PBXFileReference; lastKnownFileType = sourcecode.swift; path = Models.swift; sourceTree = "<group>"; }; 171717171717171717171717 = { isa = PBXFileReference; lastKnownFileType = sourcecode.swift; path = OfflineStore.swift; sourceTree = "<group>"; }; 181818181818181818181818 = { isa = PBXFileReference; lastKnownFileType = file; path = "../Package.swift"; sourceTree = "<group>"; };
  191919191919191919191919 = { isa = PBXFileReference; lastKnownFileType = sourcecode.swift; path = RootView.swift; sourceTree = "<group>"; }; 535353535353535353535353 = { isa = PBXFileReference; lastKnownFileType = sourcecode.swift; path = NotesView.swift; sourceTree = "<group>"; }; 202020202020202020202020 = { isa = PBXFileReference; lastKnownFileType = sourcecode.swift; path = More/MoreView.swift; sourceTree = "<group>"; }; 212121212121212121212121 = { isa = PBXFileReference; lastKnownFileType = sourcecode.swift; path = Settings/SettingsView.swift; sourceTree = "<group>"; }; 232323232323232323232323 = { isa = PBXFileReference; lastKnownFileType = sourcecode.swift; path = Games/GamesView.swift; sourceTree = "<group>"; }; 242424242424242424242424 = { isa = PBXFileReference; lastKnownFileType = sourcecode.swift; path = Game2048/Game2048View.swift; sourceTree = "<group>"; }; 252525252525252525252525 = { isa = PBXFileReference; lastKnownFileType = sourcecode.swift; path = Maps/MapsView.swift; sourceTree = "<group>"; }; 272727272727272727272727 = { isa = PBXFileReference; lastKnownFileType = text.plist.xml; path = Info.plist; sourceTree = "<group>"; }; 282828282828282828282828 = { isa = PBXFileReference; lastKnownFileType = sourcecode.swift; path = Games/GamesView.swift; sourceTree = "<group>"; }; 292929292929292929292929 = { isa = PBXFileReference; lastKnownFileType = sourcecode.swift; path = Maps/MapsView.swift; sourceTree = "<group>"; }; 575757575757575757575757 = { isa = PBXFileReference; lastKnownFileType = sourcecode.swift; path = TicTacToeView.swift; sourceTree = "<group>"; }; 595959595959595959595959 = { isa = PBXFileReference; lastKnownFileType = folder.assetcatalog; path = Assets.xcassets; sourceTree = "<group>"; };
  555555555555555555555555 = { isa = PBXNativeTarget; buildConfigurationList = 313131313131313131313131; buildPhases = ( 323232323232323232323232, 505050505050505050505050, 343434343434343434343434 ); name = OtInternet; productName = OtInternet; productReference = 121212121212121212121212; productType = "com.apple.product-type.application"; };
    323232323232323232323232 = { isa = PBXSourcesBuildPhase; files = ( 353535353535353535353535, 414141414141414141414141, 424242424242424242424242, 434343434343434343434343, 444444444444444444444444, 454545454545454545454545, 464646464646464646464646, 474747474747474747474747, 484848484848484848484848, 494949494949494949494949, 515151515151515151515151, 545454545454545454545454, 585858585858585858585858 ); }; 505050505050505050505050 = { isa = PBXFrameworksBuildPhase; files = ( ); }; 343434343434343434343434 = { isa = PBXResourcesBuildPhase; files = ( 363636363636363636363636, 606060606060606060606060 ); };
    353535353535353535353535 = { isa = PBXBuildFile; fileRef = 131313131313131313131313; }; 414141414141414141414141 = { isa = PBXBuildFile; fileRef = 141414141414141414141414; }; 424242424242424242424242 = { isa = PBXBuildFile; fileRef = 151515151515151515151515; }; 434343434343434343434343 = { isa = PBXBuildFile; fileRef = 161616161616161616161616; }; 444444444444444444444444 = { isa = PBXBuildFile; fileRef = 171717171717171717171717; }; 454545454545454545454545 = { isa = PBXBuildFile; fileRef = 191919191919191919191919; }; 464646464646464646464646 = { isa = PBXBuildFile; fileRef = 202020202020202020202020; }; 474747474747474747474747 = { isa = PBXBuildFile; fileRef = 212121212121212121212121; }; 484848484848484848484848 = { isa = PBXBuildFile; fileRef = 232323232323232323232323; }; 494949494949494949494949 = { isa = PBXBuildFile; fileRef = 242424242424242424242424; }; 515151515151515151515151 = { isa = PBXBuildFile; fileRef = 252525252525252525252525; }; 545454545454545454545454 = { isa = PBXBuildFile; fileRef = 535353535353535353535353; }; 585858585858585858585858 = { isa = PBXBuildFile; fileRef = 575757575757575757575757; }; 606060606060606060606060 = { isa = PBXBuildFile; fileRef = 595959595959595959595959; };
  222222222222222222222222 = { isa = XCConfigurationList; buildConfigurations = ( 373737373737373737373737, 383838383838383838383838 ); defaultConfigurationIsVisible = 0; defaultConfigurationName = Release; }; 313131313131313131313131 = { isa = XCConfigurationList; buildConfigurations = ( 393939393939393939393939, 404040404040404040404040 ); defaultConfigurationIsVisible = 0; defaultConfigurationName = Release; };
  373737373737373737373737 = { isa = XCBuildConfiguration; buildSettings = { SWIFT_VERSION = 5.0; }; name = Debug; }; 383838383838383838383838 = { isa = XCBuildConfiguration; buildSettings = { SWIFT_VERSION = 5.0; }; name = Release; }; 393939393939393939393939 = { isa = XCBuildConfiguration; buildSettings = { INFOPLIST_FILE = OtInternet/Resources/Info.plist; PRODUCT_BUNDLE_IDENTIFIER = com.otinternet.app; PRODUCT_NAME = "$(TARGET_NAME)"; SWIFT_VERSION = 5.0; TARGETED_DEVICE_FAMILY = 1; IPHONEOS_DEPLOYMENT_TARGET = 17.0; }; name = Debug; }; 404040404040404040404040 = { isa = XCBuildConfiguration; buildSettings = { INFOPLIST_FILE = OtInternet/Resources/Info.plist; PRODUCT_BUNDLE_IDENTIFIER = com.otinternet.app; PRODUCT_NAME = "$(TARGET_NAME)"; SWIFT_VERSION = 5.0; TARGETED_DEVICE_FAMILY = 1; IPHONEOS_DEPLOYMENT_TARGET = 17.0; }; name = Release; };
 };
 rootObject = 111111111111111111111111;
}
